
Microsoft Visual Studio Solution File, Format Version 12.00
# Visual Studio 15
VisualStudioVersion = 15.0.27428.2002
MinimumVisualStudioVersion = 10.0.40219.1
Project("{8BC9CEB8-8B4A-11D0-8D11-00A0C91BC942}") = "1_read_and_show_image", "1_read_and_show_image\1_read_and_show_image.vcxproj", "{D9AA3114-366F-459B-9480-8EF1ECA6AB41}"
EndProject
Global
	GlobalSection(SolutionConfigurationPlatforms) = preSolution
		Debug|x64 = Debug|x64
		Debug|x86 = Debug|x86
		Release|x64 = Release|x64
		Release|x86 = Release|x86
	EndGlobalSection
	GlobalSection(ProjectConfigurationPlatforms) = postSolution
		{D9AA3114-366F-459B-9480-8EF1ECA6AB41}.Debug|x64.ActiveCfg = Debug|x64
		{D9AA3114-366F-459B-9480-8EF1ECA6AB41}.Debug|x64.Build.0 = Debug|x64
		{D9AA3114-366F-459B-9480-8EF1ECA6AB41}.Debug|x86.ActiveCfg = Debug|Win32
		{D9AA3114-366F-459B-9480-8EF1ECA6AB41}.Debug|x86.Build.0 = Debug|Win32
		{D9AA3114-366F-459B-9480-8EF1ECA6AB41}.Release|x64.ActiveCfg = Release|x64
		{D9AA3114-366F-459B-9480-8EF1ECA6AB41}.Release|x64.Build.0 = Release|x64
		{D9AA3114-366F-459B-9480-8EF1ECA6AB41}.Release|x86.ActiveCfg = Release|Win32
		{D9AA3114-366F-459B-9480-8EF1ECA6AB41}.Release|x86.Build.0 = Release|Win32
	EndGlobalSection
	GlobalSection(SolutionProperties) = preSolution
		HideSolutionNode = FALSE
	EndGlobalSection
	GlobalSection(ExtensibilityGlobals) = postSolution
		SolutionGuid = {507EE232-065E-4A12-8A11-FB07E21D91FD}
	EndGlobalSection
EndGlobal
