
Microsoft Visual Studio Solution File, Format Version 12.00
# Visual Studio 15
VisualStudioVersion = 15.0.27428.2002
MinimumVisualStudioVersion = 10.0.40219.1
Project("{8BC9CEB8-8B4A-11D0-8D11-00A0C91BC942}") = "21_use_at_access_pixel", "21_use_at_access_pixel\21_use_at_access_pixel.vcxproj", "{8D7713A8-61A4-43FE-BA09-6812C7B33AED}"
EndProject
Global
	GlobalSection(SolutionConfigurationPlatforms) = preSolution
		Debug|x64 = Debug|x64
		Debug|x86 = Debug|x86
		Release|x64 = Release|x64
		Release|x86 = Release|x86
	EndGlobalSection
	GlobalSection(ProjectConfigurationPlatforms) = postSolution
		{8D7713A8-61A4-43FE-BA09-6812C7B33AED}.Debug|x64.ActiveCfg = Debug|x64
		{8D7713A8-61A4-43FE-BA09-6812C7B33AED}.Debug|x64.Build.0 = Debug|x64
		{8D7713A8-61A4-43FE-BA09-6812C7B33AED}.Debug|x86.ActiveCfg = Debug|Win32
		{8D7713A8-61A4-43FE-BA09-6812C7B33AED}.Debug|x86.Build.0 = Debug|Win32
		{8D7713A8-61A4-43FE-BA09-6812C7B33AED}.Release|x64.ActiveCfg = Release|x64
		{8D7713A8-61A4-43FE-BA09-6812C7B33AED}.Release|x64.Build.0 = Release|x64
		{8D7713A8-61A4-43FE-BA09-6812C7B33AED}.Release|x86.ActiveCfg = Release|Win32
		{8D7713A8-61A4-43FE-BA09-6812C7B33AED}.Release|x86.Build.0 = Release|Win32
	EndGlobalSection
	GlobalSection(SolutionProperties) = preSolution
		HideSolutionNode = FALSE
	EndGlobalSection
	GlobalSection(ExtensibilityGlobals) = postSolution
		SolutionGuid = {353370D5-AC1A-435B-81CA-CD795047F000}
	EndGlobalSection
EndGlobal
